
Microsoft Visual Studio Solution File, Format Version 12.00
# Visual Studio 14
VisualStudioVersion = 14.0.25123.0
MinimumVisualStudioVersion = 10.0.40219.1
Project("{FAE04EC0-301F-11D3-BF4B-00C04F79EFBC}") = "ex01 hello world", "ex01 hello world\ex01 hello world.csproj", "{D328B9C0-F29C-40A8-AFDD-95E4557C69B5}"
EndProject
Project("{FAE04EC0-301F-11D3-BF4B-00C04F79EFBC}") = "ex02 variables", "ex02 variables\ex02 variables.csproj", "{653EF090-CF4F-4086-BBBF-6553AFCFFDDF}"
EndProject
Project("{FAE04EC0-301F-11D3-BF4B-00C04F79EFBC}") = "ex03 if-statement", "ex03 if-statement\ex03 if-statement.csproj", "{B3336445-25C6-4A9D-8F61-12321BF0D264}"
EndProject
Project("{FAE04EC0-301F-11D3-BF4B-00C04F79EFBC}") = "ex04 loop structures", "ex04 loop structures\ex04 loop structures.csproj", "{45B58F06-5E2D-47A0-AAF9-290A7FD86DC3}"
EndProject
Project("{FAE04EC0-301F-11D3-BF4B-00C04F79EFBC}") = "ex05 methods", "ex05 methods\ex05 methods.csproj", "{4221E3A4-46FD-4F56-8E8C-A4B86E777F41}"
EndProject
Project("{FAE04EC0-301F-11D3-BF4B-00C04F79EFBC}") = "ex06 ref out", "ex06 ref out\ex06 ref out.csproj", "{FE866F06-55D3-404E-ADC8-F9A4F7B328EA}"
EndProject
Project("{FAE04EC0-301F-11D3-BF4B-00C04F79EFBC}") = "ex07 local scope", "ex07 local scope\ex07 local scope.csproj", "{E3793D6C-320D-4BD0-A2EE-FF8DB0171678}"
EndProject
Project("{FAE04EC0-301F-11D3-BF4B-00C04F79EFBC}") = "ex08 tuples", "ex08 tuples\ex08 tuples.csproj", "{CD2C84E2-0202-488B-8962-27CA91DF01DC}"
EndProject
Project("{FAE04EC0-301F-11D3-BF4B-00C04F79EFBC}") = "ex09 functions", "ex09 functions\ex09 functions.csproj", "{5CECA8C5-2733-4AD9-8C24-5AF2DD0FAB65}"
EndProject
Project("{FAE04EC0-301F-11D3-BF4B-00C04F79EFBC}") = "ex10 arrays", "ex10 arrays\ex10 arrays.csproj", "{65B48A97-918F-4AD1-8A0D-65C2F25F44C9}"
EndProject
Project("{FAE04EC0-301F-11D3-BF4B-00C04F79EFBC}") = "ex11 params", "ex11 params\ex11 params.csproj", "{04C2166A-C040-44B7-9F05-B8AAC8D64919}"
EndProject
Project("{FAE04EC0-301F-11D3-BF4B-00C04F79EFBC}") = "ex12 optional", "ex12 optional\ex12 optional.csproj", "{79E00BBC-1763-47B0-9BEE-D58E11192024}"
EndProject
Project("{FAE04EC0-301F-11D3-BF4B-00C04F79EFBC}") = "ex13 named arguments", "ex13 named arguments\ex13 named arguments.csproj", "{CF2B7F34-F50C-4079-8DAB-8560EA65799F}"
EndProject
Project("{FAE04EC0-301F-11D3-BF4B-00C04F79EFBC}") = "ex14 enum", "ex14 enum\ex14 enum.csproj", "{6AFB3B61-1596-4AD3-8D6D-423A1025A40E}"
EndProject
Project("{FAE04EC0-301F-11D3-BF4B-00C04F79EFBC}") = "ex15 class", "ex15 class\ex15 class.csproj", "{1EEBE755-B28A-43F5-864E-683475F368A4}"
EndProject
Project("{FAE04EC0-301F-11D3-BF4B-00C04F79EFBC}") = "ex16 struct", "ex16 struct\ex16 struct.csproj", "{459FED19-F0BA-4C9B-9A11-6D7F047E3FBC}"
EndProject
Project("{FAE04EC0-301F-11D3-BF4B-00C04F79EFBC}") = "ex17 fp switch", "ex17 fp switch\ex17 fp switch.csproj", "{3A0BEA8E-56FC-4602-A0B8-4AC6B0603B8F}"
EndProject
Project("{FAE04EC0-301F-11D3-BF4B-00C04F79EFBC}") = "ex18 pattern match", "ex18 pattern match\ex18 pattern match.csproj", "{425BAC41-7E7B-42F8-A872-052CB92529AE}"
EndProject
Global
	GlobalSection(SolutionConfigurationPlatforms) = preSolution
		Debug|Any CPU = Debug|Any CPU
		Release|Any CPU = Release|Any CPU
	EndGlobalSection
	GlobalSection(ProjectConfigurationPlatforms) = postSolution
		{D328B9C0-F29C-40A8-AFDD-95E4557C69B5}.Debug|Any CPU.ActiveCfg = Debug|Any CPU
		{D328B9C0-F29C-40A8-AFDD-95E4557C69B5}.Debug|Any CPU.Build.0 = Debug|Any CPU
		{D328B9C0-F29C-40A8-AFDD-95E4557C69B5}.Release|Any CPU.ActiveCfg = Release|Any CPU
		{D328B9C0-F29C-40A8-AFDD-95E4557C69B5}.Release|Any CPU.Build.0 = Release|Any CPU
		{653EF090-CF4F-4086-BBBF-6553AFCFFDDF}.Debug|Any CPU.ActiveCfg = Debug|Any CPU
		{653EF090-CF4F-4086-BBBF-6553AFCFFDDF}.Debug|Any CPU.Build.0 = Debug|Any CPU
		{653EF090-CF4F-4086-BBBF-6553AFCFFDDF}.Release|Any CPU.ActiveCfg = Release|Any CPU
		{653EF090-CF4F-4086-BBBF-6553AFCFFDDF}.Release|Any CPU.Build.0 = Release|Any CPU
		{B3336445-25C6-4A9D-8F61-12321BF0D264}.Debug|Any CPU.ActiveCfg = Debug|Any CPU
		{B3336445-25C6-4A9D-8F61-12321BF0D264}.Debug|Any CPU.Build.0 = Debug|Any CPU
		{B3336445-25C6-4A9D-8F61-12321BF0D264}.Release|Any CPU.ActiveCfg = Release|Any CPU
		{B3336445-25C6-4A9D-8F61-12321BF0D264}.Release|Any CPU.Build.0 = Release|Any CPU
		{45B58F06-5E2D-47A0-AAF9-290A7FD86DC3}.Debug|Any CPU.ActiveCfg = Debug|Any CPU
		{45B58F06-5E2D-47A0-AAF9-290A7FD86DC3}.Debug|Any CPU.Build.0 = Debug|Any CPU
		{45B58F06-5E2D-47A0-AAF9-290A7FD86DC3}.Release|Any CPU.ActiveCfg = Release|Any CPU
		{45B58F06-5E2D-47A0-AAF9-290A7FD86DC3}.Release|Any CPU.Build.0 = Release|Any CPU
		{4221E3A4-46FD-4F56-8E8C-A4B86E777F41}.Debug|Any CPU.ActiveCfg = Debug|Any CPU
		{4221E3A4-46FD-4F56-8E8C-A4B86E777F41}.Debug|Any CPU.Build.0 = Debug|Any CPU
		{4221E3A4-46FD-4F56-8E8C-A4B86E777F41}.Release|Any CPU.ActiveCfg = Release|Any CPU
		{4221E3A4-46FD-4F56-8E8C-A4B86E777F41}.Release|Any CPU.Build.0 = Release|Any CPU
		{FE866F06-55D3-404E-ADC8-F9A4F7B328EA}.Debug|Any CPU.ActiveCfg = Debug|Any CPU
		{FE866F06-55D3-404E-ADC8-F9A4F7B328EA}.Debug|Any CPU.Build.0 = Debug|Any CPU
		{FE866F06-55D3-404E-ADC8-F9A4F7B328EA}.Release|Any CPU.ActiveCfg = Release|Any CPU
		{FE866F06-55D3-404E-ADC8-F9A4F7B328EA}.Release|Any CPU.Build.0 = Release|Any CPU
		{E3793D6C-320D-4BD0-A2EE-FF8DB0171678}.Debug|Any CPU.ActiveCfg = Debug|Any CPU
		{E3793D6C-320D-4BD0-A2EE-FF8DB0171678}.Debug|Any CPU.Build.0 = Debug|Any CPU
		{E3793D6C-320D-4BD0-A2EE-FF8DB0171678}.Release|Any CPU.ActiveCfg = Release|Any CPU
		{E3793D6C-320D-4BD0-A2EE-FF8DB0171678}.Release|Any CPU.Build.0 = Release|Any CPU
		{CD2C84E2-0202-488B-8962-27CA91DF01DC}.Debug|Any CPU.ActiveCfg = Debug|Any CPU
		{CD2C84E2-0202-488B-8962-27CA91DF01DC}.Debug|Any CPU.Build.0 = Debug|Any CPU
		{CD2C84E2-0202-488B-8962-27CA91DF01DC}.Release|Any CPU.ActiveCfg = Release|Any CPU
		{CD2C84E2-0202-488B-8962-27CA91DF01DC}.Release|Any CPU.Build.0 = Release|Any CPU
		{5CECA8C5-2733-4AD9-8C24-5AF2DD0FAB65}.Debug|Any CPU.ActiveCfg = Debug|Any CPU
		{5CECA8C5-2733-4AD9-8C24-5AF2DD0FAB65}.Debug|Any CPU.Build.0 = Debug|Any CPU
		{5CECA8C5-2733-4AD9-8C24-5AF2DD0FAB65}.Release|Any CPU.ActiveCfg = Release|Any CPU
		{5CECA8C5-2733-4AD9-8C24-5AF2DD0FAB65}.Release|Any CPU.Build.0 = Release|Any CPU
		{65B48A97-918F-4AD1-8A0D-65C2F25F44C9}.Debug|Any CPU.ActiveCfg = Debug|Any CPU
		{65B48A97-918F-4AD1-8A0D-65C2F25F44C9}.Debug|Any CPU.Build.0 = Debug|Any CPU
		{65B48A97-918F-4AD1-8A0D-65C2F25F44C9}.Release|Any CPU.ActiveCfg = Release|Any CPU
		{65B48A97-918F-4AD1-8A0D-65C2F25F44C9}.Release|Any CPU.Build.0 = Release|Any CPU
		{04C2166A-C040-44B7-9F05-B8AAC8D64919}.Debug|Any CPU.ActiveCfg = Debug|Any CPU
		{04C2166A-C040-44B7-9F05-B8AAC8D64919}.Debug|Any CPU.Build.0 = Debug|Any CPU
		{04C2166A-C040-44B7-9F05-B8AAC8D64919}.Release|Any CPU.ActiveCfg = Release|Any CPU
		{04C2166A-C040-44B7-9F05-B8AAC8D64919}.Release|Any CPU.Build.0 = Release|Any CPU
		{79E00BBC-1763-47B0-9BEE-D58E11192024}.Debug|Any CPU.ActiveCfg = Debug|Any CPU
		{79E00BBC-1763-47B0-9BEE-D58E11192024}.Debug|Any CPU.Build.0 = Debug|Any CPU
		{79E00BBC-1763-47B0-9BEE-D58E11192024}.Release|Any CPU.ActiveCfg = Release|Any CPU
		{79E00BBC-1763-47B0-9BEE-D58E11192024}.Release|Any CPU.Build.0 = Release|Any CPU
		{CF2B7F34-F50C-4079-8DAB-8560EA65799F}.Debug|Any CPU.ActiveCfg = Debug|Any CPU
		{CF2B7F34-F50C-4079-8DAB-8560EA65799F}.Debug|Any CPU.Build.0 = Debug|Any CPU
		{CF2B7F34-F50C-4079-8DAB-8560EA65799F}.Release|Any CPU.ActiveCfg = Release|Any CPU
		{CF2B7F34-F50C-4079-8DAB-8560EA65799F}.Release|Any CPU.Build.0 = Release|Any CPU
		{6AFB3B61-1596-4AD3-8D6D-423A1025A40E}.Debug|Any CPU.ActiveCfg = Debug|Any CPU
		{6AFB3B61-1596-4AD3-8D6D-423A1025A40E}.Debug|Any CPU.Build.0 = Debug|Any CPU
		{6AFB3B61-1596-4AD3-8D6D-423A1025A40E}.Release|Any CPU.ActiveCfg = Release|Any CPU
		{6AFB3B61-1596-4AD3-8D6D-423A1025A40E}.Release|Any CPU.Build.0 = Release|Any CPU
		{1EEBE755-B28A-43F5-864E-683475F368A4}.Debug|Any CPU.ActiveCfg = Debug|Any CPU
		{1EEBE755-B28A-43F5-864E-683475F368A4}.Debug|Any CPU.Build.0 = Debug|Any CPU
		{1EEBE755-B28A-43F5-864E-683475F368A4}.Release|Any CPU.ActiveCfg = Release|Any CPU
		{1EEBE755-B28A-43F5-864E-683475F368A4}.Release|Any CPU.Build.0 = Release|Any CPU
		{459FED19-F0BA-4C9B-9A11-6D7F047E3FBC}.Debug|Any CPU.ActiveCfg = Debug|Any CPU
		{459FED19-F0BA-4C9B-9A11-6D7F047E3FBC}.Debug|Any CPU.Build.0 = Debug|Any CPU
		{459FED19-F0BA-4C9B-9A11-6D7F047E3FBC}.Release|Any CPU.ActiveCfg = Release|Any CPU
		{459FED19-F0BA-4C9B-9A11-6D7F047E3FBC}.Release|Any CPU.Build.0 = Release|Any CPU
		{3A0BEA8E-56FC-4602-A0B8-4AC6B0603B8F}.Debug|Any CPU.ActiveCfg = Debug|Any CPU
		{3A0BEA8E-56FC-4602-A0B8-4AC6B0603B8F}.Debug|Any CPU.Build.0 = Debug|Any CPU
		{3A0BEA8E-56FC-4602-A0B8-4AC6B0603B8F}.Release|Any CPU.ActiveCfg = Release|Any CPU
		{3A0BEA8E-56FC-4602-A0B8-4AC6B0603B8F}.Release|Any CPU.Build.0 = Release|Any CPU
		{425BAC41-7E7B-42F8-A872-052CB92529AE}.Debug|Any CPU.ActiveCfg = Debug|Any CPU
		{425BAC41-7E7B-42F8-A872-052CB92529AE}.Debug|Any CPU.Build.0 = Debug|Any CPU
		{425BAC41-7E7B-42F8-A872-052CB92529AE}.Release|Any CPU.ActiveCfg = Release|Any CPU
		{425BAC41-7E7B-42F8-A872-052CB92529AE}.Release|Any CPU.Build.0 = Release|Any CPU
	EndGlobalSection
	GlobalSection(SolutionProperties) = preSolution
		HideSolutionNode = FALSE
	EndGlobalSection
EndGlobal
